// !$*UTF8*$!
{
	archiveVersion = 1;
	classes = {
	};
	objectVersion = 56;
	objects = {

/* Begin PBXBuildFile section */
		B17067BE2C76BF4D00708E4B /* coupSwiftApp.swift in Sources */ = {isa = PBXBuildFile; fileRef = B17067BD2C76BF4D00708E4B /* coupSwiftApp.swift */; };
		B17067C02C76BF4D00708E4B /* ContentView.swift in Sources */ = {isa = PBXBuildFile; fileRef = B17067BF2C76BF4D00708E4B /* ContentView.swift */; };
		B17067C22C76BF4D00708E4B /* Item.swift in Sources */ = {isa = PBXBuildFile; fileRef = B17067C12C76BF4D00708E4B /* Item.swift */; };
		B17067C42C76BF4E00708E4B /* Assets.xcassets in Resources */ = {isa = PBXBuildFile; fileRef = B17067C32C76BF4E00708E4B /* Assets.xcassets */; };
		B17067C72C76BF4E00708E4B /* Preview Assets.xcassets in Resources */ = {isa = PBXBuildFile; fileRef = B17067C62C76BF4E00708E4B /* Preview Assets.xcassets */; };
		B17067D12C76BF4E00708E4B /* coupSwiftTests.swift in Sources */ = {isa = PBXBuildFile; fileRef = B17067D02C76BF4E00708E4B /* coupSwiftTests.swift */; };
		B17067DB2C76BF4E00708E4B /* coupSwiftUITests.swift in Sources */ = {isa = PBXBuildFile; fileRef = B17067DA2C76BF4E00708E4B /* coupSwiftUITests.swift */; };
		B17067DD2C76BF4E00708E4B /* coupSwiftUITestsLaunchTests.swift in Sources */ = {isa = PBXBuildFile; fileRef = B17067DC2C76BF4E00708E4B /* coupSwiftUITestsLaunchTests.swift */; };
		B17067EA2C76BF6A00708E4B /* SignupView.swift in Sources */ = {isa = PBXBuildFile; fileRef = B17067E92C76BF6A00708E4B /* SignupView.swift */; };
/* End PBXBuildFile section */

/* Begin PBXContainerItemProxy section */
		B17067CD2C76BF4E00708E4B /* PBXContainerItemProxy */ = {
			isa = PBXContainerItemProxy;
			containerPortal = B17067B22C76BF4D00708E4B /* Project object */;
			proxyType = 1;
			remoteGlobalIDString = B17067B92C76BF4D00708E4B;
			remoteInfo = coupSwift;
		};
		B17067D72C76BF4E00708E4B /* PBXContainerItemProxy */ = {
			isa = PBXContainerItemProxy;
			containerPortal = B17067B22C76BF4D00708E4B /* Project object */;
			proxyType = 1;
			remoteGlobalIDString = B17067B92C76BF4D00708E4B;
			remoteInfo = coupSwift;
		};
/* End PBXContainerItemProxy section */

/* Begin PBXFileReference section */
		B17067BA2C76BF4D00708E4B /* coupSwift.app */ = {isa = PBXFileReference; explicitFileType = wrapper.application; includeInIndex = 0; path = coupSwift.app; sourceTree = BUILT_PRODUCTS_DIR; };
		B17067BD2C76BF4D00708E4B /* coupSwiftApp.swift */ = {isa = PBXFileReference; lastKnownFileType = sourcecode.swift; path = coupSwiftApp.swift; sourceTree = "<group>"; };
		B17067BF2C76BF4D00708E4B /* ContentView.swift */ = {isa = PBXFileReference; lastKnownFileType = sourcecode.swift; path = ContentView.swift; sourceTree = "<group>"; };
		B17067C12C76BF4D00708E4B /* Item.swift */ = {isa = PBXFileReference; lastKnownFileType = sourcecode.swift; path = Item.swift; sourceTree = "<group>"; };
		B17067C32C76BF4E00708E4B /* Assets.xcassets */ = {isa = PBXFileReference; lastKnownFileType = folder.assetcatalog; path = Assets.xcassets; sourceTree = "<group>"; };
		B17067C62C76BF4E00708E4B /* Preview Assets.xcassets */ = {isa = PBXFileReference; lastKnownFileType = folder.assetcatalog; path = "Preview Assets.xcassets"; sourceTree = "<group>"; };
		B17067CC2C76BF4E00708E4B /* coupSwiftTests.xctest */ = {isa = PBXFileReference; explicitFileType = wrapper.cfbundle; includeInIndex = 0; path = coupSwiftTests.xctest; sourceTree = BUILT_PRODUCTS_DIR; };
		B17067D02C76BF4E00708E4B /* coupSwiftTests.swift */ = {isa = PBXFileReference; lastKnownFileType = sourcecode.swift; path = coupSwiftTests.swift; sourceTree = "<group>"; };
		B17067D62C76BF4E00708E4B /* coupSwiftUITests.xctest */ = {isa = PBXFileReference; explicitFileType = wrapper.cfbundle; includeInIndex = 0; path = coupSwiftUITests.xctest; sourceTree = BUILT_PRODUCTS_DIR; };
		B17067DA2C76BF4E00708E4B /* coupSwiftUITests.swift */ = {isa = PBXFileReference; lastKnownFileType = sourcecode.swift; path = coupSwiftUITests.swift; sourceTree = "<group>"; };
		B17067DC2C76BF4E00708E4B /* coupSwiftUITestsLaunchTests.swift */ = {isa = PBXFileReference; lastKnownFileType = sourcecode.swift; path = coupSwiftUITestsLaunchTests.swift; sourceTree = "<group>"; };
		B17067E92C76BF6A00708E4B /* SignupView.swift */ = {isa = PBXFileReference; lastKnownFileType = sourcecode.swift; path = SignupView.swift; sourceTree = "<group>"; };
/* End PBXFileReference section */

/* Begin PBXFrameworksBuildPhase section */
		B17067B72C76BF4D00708E4B /* Frameworks */ = {
			isa = PBXFrameworksBuildPhase;
			buildActionMask = 2147483647;
			files = (
			);
			runOnlyForDeploymentPostprocessing = 0;
		};
		B17067C92C76BF4E00708E4B /* Frameworks */ = {
			isa = PBXFrameworksBuildPhase;
			buildActionMask = 2147483647;
			files = (
			);
			runOnlyForDeploymentPostprocessing = 0;
		};
		B17067D32C76BF4E00708E4B /* Frameworks */ = {
			isa = PBXFrameworksBuildPhase;
			buildActionMask = 2147483647;
			files = (
			);
			runOnlyForDeploymentPostprocessing = 0;
		};
/* End PBXFrameworksBuildPhase section */

/* Begin PBXGroup section */
		B17067B12C76BF4D00708E4B = {
			isa = PBXGroup;
			children = (
				B17067BC2C76BF4D00708E4B /* coupSwift */,
				B17067CF2C76BF4E00708E4B /* coupSwiftTests */,
				B17067D92C76BF4E00708E4B /* coupSwiftUITests */,
				B17067BB2C76BF4D00708E4B /* Products */,
			);
			sourceTree = "<group>";
		};
		B17067BB2C76BF4D00708E4B /* Products */ = {
			isa = PBXGroup;
			children = (
				B17067BA2C76BF4D00708E4B /* coupSwift.app */,
				B17067CC2C76BF4E00708E4B /* coupSwiftTests.xctest */,
				B17067D62C76BF4E00708E4B /* coupSwiftUITests.xctest */,
			);
			name = Products;
			sourceTree = "<group>";
		};
		B17067BC2C76BF4D00708E4B /* coupSwift */ = {
			isa = PBXGroup;
			children = (
				B17067BD2C76BF4D00708E4B /* coupSwiftApp.swift */,
				B17067E92C76BF6A00708E4B /* SignupView.swift */,
				B17067BF2C76BF4D00708E4B /* ContentView.swift */,
				B17067C12C76BF4D00708E4B /* Item.swift */,
				B17067C32C76BF4E00708E4B /* Assets.xcassets */,
				B17067C52C76BF4E00708E4B /* Preview Content */,
			);
			path = coupSwift;
			sourceTree = "<group>";
		};
		B17067C52C76BF4E00708E4B /* Preview Content */ = {
			isa = PBXGroup;
			children = (
				B17067C62C76BF4E00708E4B /* Preview Assets.xcassets */,
			);
			path = "Preview Content";
			sourceTree = "<group>";
		};
		B17067CF2C76BF4E00708E4B /* coupSwiftTests */ = {
			isa = PBXGroup;
			children = (
				B17067D02C76BF4E00708E4B /* coupSwiftTests.swift */,
			);
			path = coupSwiftTests;
			sourceTree = "<group>";
		};
		B17067D92C76BF4E00708E4B /* coupSwiftUITests */ = {
			isa = PBXGroup;
			children = (
				B17067DA2C76BF4E00708E4B /* coupSwiftUITests.swift */,
				B17067DC2C76BF4E00708E4B /* coupSwiftUITestsLaunchTests.swift */,
			);
			path = coupSwiftUITests;
			sourceTree = "<group>";
		};
/* End PBXGroup section */

/* Begin PBXNativeTarget section */
		B17067B92C76BF4D00708E4B /* coupSwift */ = {
			isa = PBXNativeTarget;
			buildConfigurationList = B17067E02C76BF4E00708E4B /* Build configuration list for PBXNativeTarget "coupSwift" */;
			buildPhases = (
				B17067B62C76BF4D00708E4B /* Sources */,
				B17067B72C76BF4D00708E4B /* Frameworks */,
				B17067B82C76BF4D00708E4B /* Resources */,
			);
			buildRules = (
			);
			dependencies = (
			);
			name = coupSwift;
			productName = coupSwift;
			productReference = B17067BA2C76BF4D00708E4B /* coupSwift.app */;
			productType = "com.apple.product-type.application";
		};
		B17067CB2C76BF4E00708E4B /* coupSwiftTests */ = {
			isa = PBXNativeTarget;
			buildConfigurationList = B17067E32C76BF4E00708E4B /* Build configuration list for PBXNativeTarget "coupSwiftTests" */;
			buildPhases = (
				B17067C82C76BF4E00708E4B /* Sources */,
				B17067C92C76BF4E00708E4B /* Frameworks */,
				B17067CA2C76BF4E00708E4B /* Resources */,
			);
			buildRules = (
			);
			dependencies = (
				B17067CE2C76BF4E00708E4B /* PBXTargetDependency */,
			);
			name = coupSwiftTests;
			productName = coupSwiftTests;
			productReference = B17067CC2C76BF4E00708E4B /* coupSwiftTests.xctest */;
			productType = "com.apple.product-type.bundle.unit-test";
		};
		B17067D52C76BF4E00708E4B /* coupSwiftUITests */ = {
			isa = PBXNativeTarget;
			buildConfigurationList = B17067E62C76BF4E00708E4B /* Build configuration list for PBXNativeTarget "coupSwiftUITests" */;
			buildPhases = (
				B17067D22C76BF4E00708E4B /* Sources */,
				B17067D32C76BF4E00708E4B /* Frameworks */,
				B17067D42C76BF4E00708E4B /* Resources */,
			);
			buildRules = (
			);
			dependencies = (
				B17067D82C76BF4E00708E4B /* PBXTargetDependency */,
			);
			name = coupSwiftUITests;
			productName = coupSwiftUITests;
			productReference = B17067D62C76BF4E00708E4B /* coupSwiftUITests.xctest */;
			productType = "com.apple.product-type.bundle.ui-testing";
		};
/* End PBXNativeTarget section */

/* Begin PBXProject section */
		B17067B22C76BF4D00708E4B /* Project object */ = {
			isa = PBXProject;
			attributes = {
				BuildIndependentTargetsInParallel = 1;
				LastSwiftUpdateCheck = 1540;
				LastUpgradeCheck = 1540;
				TargetAttributes = {
					B17067B92C76BF4D00708E4B = {
						CreatedOnToolsVersion = 15.4;
					};
					B17067CB2C76BF4E00708E4B = {
						CreatedOnToolsVersion = 15.4;
						TestTargetID = B17067B92C76BF4D00708E4B;
					};
					B17067D52C76BF4E00708E4B = {
						CreatedOnToolsVersion = 15.4;
						TestTargetID = B17067B92C76BF4D00708E4B;
					};
				};
			};
			buildConfigurationList = B17067B52C76BF4D00708E4B /* Build configuration list for PBXProject "coupSwift" */;
			compatibilityVersion = "Xcode 14.0";
			developmentRegion = en;
			hasScannedForEncodings = 0;
			knownRegions = (
				en,
				Base,
			);
			mainGroup = B17067B12C76BF4D00708E4B;
			productRefGroup = B17067BB2C76BF4D00708E4B /* Products */;
			projectDirPath = "";
			projectRoot = "";
			targets = (
				B17067B92C76BF4D00708E4B /* coupSwift */,
				B17067CB2C76BF4E00708E4B /* coupSwiftTests */,
				B17067D52C76BF4E00708E4B /* coupSwiftUITests */,
			);
		};
/* End PBXProject section */

/* Begin PBXResourcesBuildPhase section */
		B17067B82C76BF4D00708E4B /* Resources */ = {
			isa = PBXResourcesBuildPhase;
			buildActionMask = 2147483647;
			files = (
				B17067C72C76BF4E00708E4B /* Preview Assets.xcassets in Resources */,
				B17067C42C76BF4E00708E4B /* Assets.xcassets in Resources */,
			);
			runOnlyForDeploymentPostprocessing = 0;
		};
		B17067CA2C76BF4E00708E4B /* Resources */ = {
			isa = PBXResourcesBuildPhase;
			buildActionMask = 2147483647;
			files = (
			);
			runOnlyForDeploymentPostprocessing = 0;
		};
		B17067D42C76BF4E00708E4B /* Resources */ = {
			isa = PBXResourcesBuildPhase;
			buildActionMask = 2147483647;
			files = (
			);
			runOnlyForDeploymentPostprocessing = 0;
		};
/* End PBXResourcesBuildPhase section */

/* Begin PBXSourcesBuildPhase section */
		B17067B62C76BF4D00708E4B /* Sources */ = {
			isa = PBXSourcesBuildPhase;
			buildActionMask = 2147483647;
			files = (
				B17067EA2C76BF6A00708E4B /* SignupView.swift in Sources */,
				B17067C02C76BF4D00708E4B /* ContentView.swift in Sources */,
				B17067C22C76BF4D00708E4B /* Item.swift in Sources */,
				B17067BE2C76BF4D00708E4B /* coupSwiftApp.swift in Sources */,
			);
			runOnlyForDeploymentPostprocessing = 0;
		};
		B17067C82C76BF4E00708E4B /* Sources */ = {
			isa = PBXSourcesBuildPhase;
			buildActionMask = 2147483647;
			files = (
				B17067D12C76BF4E00708E4B /* coupSwiftTests.swift in Sources */,
			);
			runOnlyForDeploymentPostprocessing = 0;
		};
		B17067D22C76BF4E00708E4B /* Sources */ = {
			isa = PBXSourcesBuildPhase;
			buildActionMask = 2147483647;
			files = (
				B17067DB2C76BF4E00708E4B /* coupSwiftUITests.swift in Sources */,
				B17067DD2C76BF4E00708E4B /* coupSwiftUITestsLaunchTests.swift in Sources */,
			);
			runOnlyForDeploymentPostprocessing = 0;
		};
/* End PBXSourcesBuildPhase section */

/* Begin PBXTargetDependency section */
		B17067CE2C76BF4E00708E4B /* PBXTargetDependency */ = {
			isa = PBXTargetDependency;
			target = B17067B92C76BF4D00708E4B /* coupSwift */;
			targetProxy = B17067CD2C76BF4E00708E4B /* PBXContainerItemProxy */;
		};
		B17067D82C76BF4E00708E4B /* PBXTargetDependency */ = {
			isa = PBXTargetDependency;
			target = B17067B92C76BF4D00708E4B /* coupSwift */;
			targetProxy = B17067D72C76BF4E00708E4B /* PBXContainerItemProxy */;
		};
/* End PBXTargetDependency section */

/* Begin XCBuildConfiguration section */
		B17067DE2C76BF4E00708E4B /* Debug */ = {
			isa = XCBuildConfiguration;
			buildSettings = {
				ALWAYS_SEARCH_USER_PATHS = NO;
				ASSETCATALOG_COMPILER_GENERATE_SWIFT_ASSET_SYMBOL_EXTENSIONS = YES;
				CLANG_ANALYZER_NONNULL = YES;
				CLANG_ANALYZER_NUMBER_OBJECT_CONVERSION = YES_AGGRESSIVE;
				CLANG_CXX_LANGUAGE_STANDARD = "gnu++20";
				CLANG_ENABLE_MODULES = YES;
				CLANG_ENABLE_OBJC_ARC = YES;
				CLANG_ENABLE_OBJC_WEAK = YES;
				CLANG_WARN_BLOCK_CAPTURE_AUTORELEASING = YES;
				CLANG_WARN_BOOL_CONVERSION = YES;
				CLANG_WARN_COMMA = YES;
				CLANG_WARN_CONSTANT_CONVERSION = YES;
				CLANG_WARN_DEPRECATED_OBJC_IMPLEMENTATIONS = YES;
				CLANG_WARN_DIRECT_OBJC_ISA_USAGE = YES_ERROR;
				CLANG_WARN_DOCUMENTATION_COMMENTS = YES;
				CLANG_WARN_EMPTY_BODY = YES;
				CLANG_WARN_ENUM_CONVERSION = YES;
				CLANG_WARN_INFINITE_RECURSION = YES;
				CLANG_WARN_INT_CONVERSION = YES;
				CLANG_WARN_NON_LITERAL_NULL_CONVERSION = YES;
				CLANG_WARN_OBJC_IMPLICIT_RETAIN_SELF = YES;
				CLANG_WARN_OBJC_LITERAL_CONVERSION = YES;
				CLANG_WARN_OBJC_ROOT_CLASS = YES_ERROR;
				CLANG_WARN_QUOTED_INCLUDE_IN_FRAMEWORK_HEADER = YES;
				CLANG_WARN_RANGE_LOOP_ANALYSIS = YES;
				CLANG_WARN_STRICT_PROTOTYPES = YES;
				CLANG_WARN_SUSPICIOUS_MOVE = YES;
				CLANG_WARN_UNGUARDED_AVAILABILITY = YES_AGGRESSIVE;
				CLANG_WARN_UNREACHABLE_CODE = YES;
				CLANG_WARN__DUPLICATE_METHOD_MATCH = YES;
				COPY_PHASE_STRIP = NO;
				DEBUG_INFORMATION_FORMAT = dwarf;
				ENABLE_STRICT_OBJC_MSGSEND = YES;
				ENABLE_TESTABILITY = YES;
				ENABLE_USER_SCRIPT_SANDBOXING = YES;
				GCC_C_LANGUAGE_STANDARD = gnu17;
				GCC_DYNAMIC_NO_PIC = NO;
				GCC_NO_COMMON_BLOCKS = YES;
				GCC_OPTIMIZATION_LEVEL = 0;
				GCC_PREPROCESSOR_DEFINITIONS = (
					"DEBUG=1",
					"$(inherited)",
				);
				GCC_WARN_64_TO_32_BIT_CONVERSION = YES;
				GCC_WARN_ABOUT_RETURN_TYPE = YES_ERROR;
				GCC_WARN_UNDECLARED_SELECTOR = YES;
				GCC_WARN_UNINITIALIZED_AUTOS = YES_AGGRESSIVE;
				GCC_WARN_UNUSED_FUNCTION = YES;
				GCC_WARN_UNUSED_VARIABLE = YES;
				IPHONEOS_DEPLOYMENT_TARGET = 17.5;
				LOCALIZATION_PREFERS_STRING_CATALOGS = YES;
				MTL_ENABLE_DEBUG_INFO = INCLUDE_SOURCE;
				MTL_FAST_MATH = YES;
				ONLY_ACTIVE_ARCH = YES;
				SDKROOT = iphoneos;
				SWIFT_ACTIVE_COMPILATION_CONDITIONS = "DEBUG $(inherited)";
				SWIFT_OPTIMIZATION_LEVEL = "-Onone";
			};
			name = Debug;
		};
		B17067DF2C76BF4E00708E4B /* Release */ = {
			isa = XCBuildConfiguration;
			buildSettings = {
				ALWAYS_SEARCH_USER_PATHS = NO;
				ASSETCATALOG_COMPILER_GENERATE_SWIFT_ASSET_SYMBOL_EXTENSIONS = YES;
				CLANG_ANALYZER_NONNULL = YES;
				CLANG_ANALYZER_NUMBER_OBJECT_CONVERSION = YES_AGGRESSIVE;
				CLANG_CXX_LANGUAGE_STANDARD = "gnu++20";
				CLANG_ENABLE_MODULES = YES;
				CLANG_ENABLE_OBJC_ARC = YES;
				CLANG_ENABLE_OBJC_WEAK = YES;
				CLANG_WARN_BLOCK_CAPTURE_AUTORELEASING = YES;
				CLANG_WARN_BOOL_CONVERSION = YES;
				CLANG_WARN_COMMA = YES;
				CLANG_WARN_CONSTANT_CONVERSION = YES;
				CLANG_WARN_DEPRECATED_OBJC_IMPLEMENTATIONS = YES;
				CLANG_WARN_DIRECT_OBJC_ISA_USAGE = YES_ERROR;
				CLANG_WARN_DOCUMENTATION_COMMENTS = YES;
				CLANG_WARN_EMPTY_BODY = YES;
				CLANG_WARN_ENUM_CONVERSION = YES;
				CLANG_WARN_INFINITE_RECURSION = YES;
				CLANG_WARN_INT_CONVERSION = YES;
				CLANG_WARN_NON_LITERAL_NULL_CONVERSION = YES;
				CLANG_WARN_OBJC_IMPLICIT_RETAIN_SELF = YES;
				CLANG_WARN_OBJC_LITERAL_CONVERSION = YES;
				CLANG_WARN_OBJC_ROOT_CLASS = YES_ERROR;
				CLANG_WARN_QUOTED_INCLUDE_IN_FRAMEWORK_HEADER = YES;
				CLANG_WARN_RANGE_LOOP_ANALYSIS = YES;
				CLANG_WARN_STRICT_PROTOTYPES = YES;
				CLANG_WARN_SUSPICIOUS_MOVE = YES;
				CLANG_WARN_UNGUARDED_AVAILABILITY = YES_AGGRESSIVE;
				CLANG_WARN_UNREACHABLE_CODE = YES;
				CLANG_WARN__DUPLICATE_METHOD_MATCH = YES;
				COPY_PHASE_STRIP = NO;
				DEBUG_INFORMATION_FORMAT = "dwarf-with-dsym";
				ENABLE_NS_ASSERTIONS = NO;
				ENABLE_STRICT_OBJC_MSGSEND = YES;
				ENABLE_USER_SCRIPT_SANDBOXING = YES;
				GCC_C_LANGUAGE_STANDARD = gnu17;
				GCC_NO_COMMON_BLOCKS = YES;
				GCC_WARN_64_TO_32_BIT_CONVERSION = YES;
				GCC_WARN_ABOUT_RETURN_TYPE = YES_ERROR;
				GCC_WARN_UNDECLARED_SELECTOR = YES;
				GCC_WARN_UNINITIALIZED_AUTOS = YES_AGGRESSIVE;
				GCC_WARN_UNUSED_FUNCTION = YES;
				GCC_WARN_UNUSED_VARIABLE = YES;
				IPHONEOS_DEPLOYMENT_TARGET = 17.5;
				LOCALIZATION_PREFERS_STRING_CATALOGS = YES;
				MTL_ENABLE_DEBUG_INFO = NO;
				MTL_FAST_MATH = YES;
				SDKROOT = iphoneos;
				SWIFT_COMPILATION_MODE = wholemodule;
				VALIDATE_PRODUCT = YES;
			};
			name = Release;
		};
		B17067E12C76BF4E00708E4B /* Debug */ = {
			isa = XCBuildConfiguration;
			buildSettings = {
				ASSETCATALOG_COMPILER_APPICON_NAME = AppIcon;
				ASSETCATALOG_COMPILER_GLOBAL_ACCENT_COLOR_NAME = AccentColor;
				CODE_SIGN_STYLE = Automatic;
				CURRENT_PROJECT_VERSION = 1;
				DEVELOPMENT_ASSET_PATHS = "\"coupSwift/Preview Content\"";
				ENABLE_PREVIEWS = YES;
				GENERATE_INFOPLIST_FILE = YES;
				INFOPLIST_KEY_UIApplicationSceneManifest_Generation = YES;
				INFOPLIST_KEY_UIApplicationSupportsIndirectInputEvents = YES;
				INFOPLIST_KEY_UILaunchScreen_Generation = YES;
				INFOPLIST_KEY_UISupportedInterfaceOrientations_iPad = "UIInterfaceOrientationPortrait UIInterfaceOrientationPortraitUpsideDown UIInterfaceOrientationLandscapeLeft UIInterfaceOrientationLandscapeRight";
				INFOPLIST_KEY_UISupportedInterfaceOrientations_iPhone = "UIInterfaceOrientationPortrait UIInterfaceOrientationLandscapeLeft UIInterfaceOrientationLandscapeRight";
				LD_RUNPATH_SEARCH_PATHS = (
					"$(inherited)",
					"@executable_path/Frameworks",
				);
				MARKETING_VERSION = 1.0;
				PRODUCT_BUNDLE_IDENTIFIER = charlesarroyo.coupSwift;
				PRODUCT_NAME = "$(TARGET_NAME)";
				SWIFT_EMIT_LOC_STRINGS = YES;
				SWIFT_VERSION = 5.0;
				TARGETED_DEVICE_FAMILY = "1,2";
			};
			name = Debug;
		};
		B17067E22C76BF4E00708E4B /* Release */ = {
			isa = XCBuildConfiguration;
			buildSettings = {
				ASSETCATALOG_COMPILER_APPICON_NAME = AppIcon;
				ASSETCATALOG_COMPILER_GLOBAL_ACCENT_COLOR_NAME = AccentColor;
				CODE_SIGN_STYLE = Automatic;
				CURRENT_PROJECT_VERSION = 1;
				DEVELOPMENT_ASSET_PATHS = "\"coupSwift/Preview Content\"";
				ENABLE_PREVIEWS = YES;
				GENERATE_INFOPLIST_FILE = YES;
				INFOPLIST_KEY_UIApplicationSceneManifest_Generation = YES;
				INFOPLIST_KEY_UIApplicationSupportsIndirectInputEvents = YES;
				INFOPLIST_KEY_UILaunchScreen_Generation = YES;
				INFOPLIST_KEY_UISupportedInterfaceOrientations_iPad = "UIInterfaceOrientationPortrait UIInterfaceOrientationPortraitUpsideDown UIInterfaceOrientationLandscapeLeft UIInterfaceOrientationLandscapeRight";
				INFOPLIST_KEY_UISupportedInterfaceOrientations_iPhone = "UIInterfaceOrientationPortrait UIInterfaceOrientationLandscapeLeft UIInterfaceOrientationLandscapeRight";
				LD_RUNPATH_SEARCH_PATHS = (
					"$(inherited)",
					"@executable_path/Frameworks",
				);
				MARKETING_VERSION = 1.0;
				PRODUCT_BUNDLE_IDENTIFIER = charlesarroyo.coupSwift;
				PRODUCT_NAME = "$(TARGET_NAME)";
				SWIFT_EMIT_LOC_STRINGS = YES;
				SWIFT_VERSION = 5.0;
				TARGETED_DEVICE_FAMILY = "1,2";
			};
			name = Release;
		};
		B17067E42C76BF4E00708E4B /* Debug */ = {
			isa = XCBuildConfiguration;
			buildSettings = {
				ALWAYS_EMBED_SWIFT_STANDARD_LIBRARIES = YES;
				BUNDLE_LOADER = "$(TEST_HOST)";
				CODE_SIGN_STYLE = Automatic;
				CURRENT_PROJECT_VERSION = 1;
				GENERATE_INFOPLIST_FILE = YES;
				IPHONEOS_DEPLOYMENT_TARGET = 17.5;
				MARKETING_VERSION = 1.0;
				PRODUCT_BUNDLE_IDENTIFIER = charlesarroyo.coupSwiftTests;
				PRODUCT_NAME = "$(TARGET_NAME)";
				SWIFT_EMIT_LOC_STRINGS = NO;
				SWIFT_VERSION = 5.0;
				TARGETED_DEVICE_FAMILY = "1,2";
				TEST_HOST = "$(BUILT_PRODUCTS_DIR)/coupSwift.app/$(BUNDLE_EXECUTABLE_FOLDER_PATH)/coupSwift";
			};
			name = Debug;
		};
		B17067E52C76BF4E00708E4B /* Release */ = {
			isa = XCBuildConfiguration;
			buildSettings = {
				ALWAYS_EMBED_SWIFT_STANDARD_LIBRARIES = YES;
				BUNDLE_LOADER = "$(TEST_HOST)";
				CODE_SIGN_STYLE = Automatic;
				CURRENT_PROJECT_VERSION = 1;
				GENERATE_INFOPLIST_FILE = YES;
				IPHONEOS_DEPLOYMENT_TARGET = 17.5;
				MARKETING_VERSION = 1.0;
				PRODUCT_BUNDLE_IDENTIFIER = charlesarroyo.coupSwiftTests;
				PRODUCT_NAME = "$(TARGET_NAME)";
				SWIFT_EMIT_LOC_STRINGS = NO;
				SWIFT_VERSION = 5.0;
				TARGETED_DEVICE_FAMILY = "1,2";
				TEST_HOST = "$(BUILT_PRODUCTS_DIR)/coupSwift.app/$(BUNDLE_EXECUTABLE_FOLDER_PATH)/coupSwift";
			};
			name = Release;
		};
		B17067E72C76BF4E00708E4B /* Debug */ = {
			isa = XCBuildConfiguration;
			buildSettings = {
				ALWAYS_EMBED_SWIFT_STANDARD_LIBRARIES = YES;
				CODE_SIGN_STYLE = Automatic;
				CURRENT_PROJECT_VERSION = 1;
				GENERATE_INFOPLIST_FILE = YES;
				MARKETING_VERSION = 1.0;
				PRODUCT_BUNDLE_IDENTIFIER = charlesarroyo.coupSwiftUITests;
				PRODUCT_NAME = "$(TARGET_NAME)";
				SWIFT_EMIT_LOC_STRINGS = NO;
				SWIFT_VERSION = 5.0;
				TARGETED_DEVICE_FAMILY = "1,2";
				TEST_TARGET_NAME = coupSwift;
			};
			name = Debug;
		};
		B17067E82C76BF4E00708E4B /* Release */ = {
			isa = XCBuildConfiguration;
			buildSettings = {
				ALWAYS_EMBED_SWIFT_STANDARD_LIBRARIES = YES;
				CODE_SIGN_STYLE = Automatic;
				CURRENT_PROJECT_VERSION = 1;
				GENERATE_INFOPLIST_FILE = YES;
				MARKETING_VERSION = 1.0;
				PRODUCT_BUNDLE_IDENTIFIER = charlesarroyo.coupSwiftUITests;
				PRODUCT_NAME = "$(TARGET_NAME)";
				SWIFT_EMIT_LOC_STRINGS = NO;
				SWIFT_VERSION = 5.0;
				TARGETED_DEVICE_FAMILY = "1,2";
				TEST_TARGET_NAME = coupSwift;
			};
			name = Release;
		};
/* End XCBuildConfiguration section */

/* Begin XCConfigurationList section */
		B17067B52C76BF4D00708E4B /* Build configuration list for PBXProject "coupSwift" */ = {
			isa = XCConfigurationList;
			buildConfigurations = (
				B17067DE2C76BF4E00708E4B /* Debug */,
				B17067DF2C76BF4E00708E4B /* Release */,
			);
			defaultConfigurationIsVisible = 0;
			defaultConfigurationName = Release;
		};
		B17067E02C76BF4E00708E4B /* Build configuration list for PBXNativeTarget "coupSwift" */ = {
			isa = XCConfigurationList;
			buildConfigurations = (
				B17067E12C76BF4E00708E4B /* Debug */,
				B17067E22C76BF4E00708E4B /* Release */,
			);
			defaultConfigurationIsVisible = 0;
			defaultConfigurationName = Release;
		};
		B17067E32C76BF4E00708E4B /* Build configuration list for PBXNativeTarget "coupSwiftTests" */ = {
			isa = XCConfigurationList;
			buildConfigurations = (
				B17067E42C76BF4E00708E4B /* Debug */,
				B17067E52C76BF4E00708E4B /* Release */,
			);
			defaultConfigurationIsVisible = 0;
			defaultConfigurationName = Release;
		};
		B17067E62C76BF4E00708E4B /* Build configuration list for PBXNativeTarget "coupSwiftUITests" */ = {
			isa = XCConfigurationList;
			buildConfigurations = (
				B17067E72C76BF4E00708E4B /* Debug */,
				B17067E82C76BF4E00708E4B /* Release */,
			);
			defaultConfigurationIsVisible = 0;
			defaultConfigurationName = Release;
		};
/* End XCConfigurationList section */
	};
	rootObject = B17067B22C76BF4D00708E4B /* Project object */;
}
